github.com/aykevl/go-smartwatch v0.0.0-20191106230747-e6e9277e0bb8 h1:vZ9XnIuoEmGz+Kw9FkuLtJajjzI9n0U1F0nIsMnt4O8=
github.com/aykevl/go-smartwatch v0.0.0-20191106230747-e6e9277e0bb8/go.mod h1:2X8BjF+RL1Ddv8RJAEd09+7DMlghaR4RUUx3aDob0vU=
github.com/aykevl/tilegraphics v0.0.0-20191028092025-c4bb79f41363 h1:1Aj5/eUE5rzRAXpasrQkADGtEuJMEUYtDt567u3nV9E=
github.com/aykevl/tilegraphics v0.0.0-20191028092025-c4bb79f41363/go.mod h1:HEwsFjCdqydw6LnwWi8SJxQOvAQm8j/zV8wEgl1/NR0=
github.com/google/shlex v0.0.0-20191202100458-e7afc7fbc510 h1:El6M4kTTCOh6aBiKaUGG7oYTSPP8MxqL4YI3kZKwcP4=
github.com/google/shlex v0.0.0-20191202100458-e7afc7fbc510/go.mod h1:pupxD2MaaD3pAXIBCelhxNneeOaAeabZDe5s4K6zSpQ=
github.com/hajimehoshi/go-jisx0208 v1.0.0 h1:9gtYf7X5iKJla3QaBqgpqapg8xR/mhQ61+LMByaevP0=
github.com/hajimehoshi/go-jisx0208 v1.0.0/go.mod h1:yYxEStHL7lt9uL+AbdWgW9gBumwieDoZCiB1f/0X0as=
github.com/sago35/go-bdf v0.0.0-20200313142241-6c17821c91c4 h1:MoPr+c4ADKs/Rqs5ffyc7dI8kxY4vL7nB0YgD/zAUXA=
github.com/sago35/go-bdf v0.0.0-20200313142241-6c17821c91c4/go.mod h1:rOebXGuMLsXhZAC6mF/TjxONsm45498ZyzVhel++6KM=
github.com/veandco/go-sdl2 v0.4.40 h1:fZv6wC3zz1Xt167P09gazawnpa0KY5LM7JAvKpX9d/U=
github.com/veandco/go-sdl2 v0.4.40/go.mod h1:OROqMhHD43nT4/i9crJukyVecjPNYYuCofep6SNiAjY=
golang.org/x/image v0.0.0-20210628002857-a66eb6448b8d h1:RNPAfi2nHY7C2srAV8A49jpsYr0ADedCk1wq6fTMTvs=
golang.org/x/image v0.0.0-20210628002857-a66eb6448b8d/go.mod h1:023OzeP/+EPmXeapQh35lcL3II3LrY8Ic+EFFKVhULM=
golang.org/x/text v0.3.6 h1:aRYxNxv6iGQlyVaZmk6ZgYEDa+Jg18DxebPSrd6bg1M=
golang.org/x/text v0.3.6/go.mod h1:5Zoc/QRtKVWzQhOtBMvqHzDpF6irO9z98xDceosuGiQ=
golang.org/x/tools v0.0.0-20180917221912-90fa682c2a6e/go.mod h1:n7NCudcB/nEzxVGmLbDWY5pfWTLqBcC2KZ6jyYvM4mQ=
tinygo.org/x/drivers v0.35.0 h1:cTK36tsI/S4Mg3hCPH0MBjV/ta7XKQ+wpvch4mVqgsE=
tinygo.org/x/drivers v0.35.0/go.mod h1:DQgKyHkB4G6IEOKVTAjApbKnWGwESN91EVJO+nMOE9Y=
